// !$*UTF8*$!
{
	archiveVersion = 1;
	classes = {
	};
	objectVersion = 50;
	objects = {

/* Begin PBXBuildFile section */
		59D770582703077700BE839C /* AppDelegate.swift in Sources */ = {isa = PBXBuildFile; fileRef = 59D770572703077700BE839C /* AppDelegate.swift */; };
		59D7705A2703077700BE839C /* SceneDelegate.swift in Sources */ = {isa = PBXBuildFile; fileRef = 59D770592703077700BE839C /* SceneDelegate.swift */; };
		59D7705F2703077700BE839C /* Main.storyboard in Resources */ = {isa = PBXBuildFile; fileRef = 59D7705D2703077700BE839C /* Main.storyboard */; };
		59D770622703077700BE839C /* Notes_FS.xcdatamodeld in Sources */ = {isa = PBXBuildFile; fileRef = 59D770602703077700BE839C /* Notes_FS.xcdatamodeld */; };
		59D770642703077D00BE839C /* Assets.xcassets in Resources */ = {isa = PBXBuildFile; fileRef = 59D770632703077D00BE839C /* Assets.xcassets */; };
		59D770672703077D00BE839C /* LaunchScreen.storyboard in Resources */ = {isa = PBXBuildFile; fileRef = 59D770652703077D00BE839C /* LaunchScreen.storyboard */; };
		59D7706F2703094400BE839C /* NotesViewController.swift in Sources */ = {isa = PBXBuildFile; fileRef = 59D7706E2703094400BE839C /* NotesViewController.swift */; };
		59D77071270309AE00BE839C /* EditViewController.swift in Sources */ = {isa = PBXBuildFile; fileRef = 59D77070270309AE00BE839C /* EditViewController.swift */; };
/* End PBXBuildFile section */

/* Begin PBXFileReference section */
		59D770542703077700BE839C /* Notes_FS.app */ = {isa = PBXFileReference; explicitFileType = wrapper.application; includeInIndex = 0; path = Notes_FS.app; sourceTree = BUILT_PRODUCTS_DIR; };
		59D770572703077700BE839C /* AppDelegate.swift */ = {isa = PBXFileReference; lastKnownFileType = sourcecode.swift; path = AppDelegate.swift; sourceTree = "<group>"; };
		59D770592703077700BE839C /* SceneDelegate.swift */ = {isa = PBXFileReference; lastKnownFileType = sourcecode.swift; path = SceneDelegate.swift; sourceTree = "<group>"; };
		59D7705E2703077700BE839C /* Base */ = {isa = PBXFileReference; lastKnownFileType = file.storyboard; name = Base; path = Base.lproj/Main.storyboard; sourceTree = "<group>"; };
		59D770612703077700BE839C /* Notes_FS.xcdatamodel */ = {isa = PBXFileReference; lastKnownFileType = wrapper.xcdatamodel; path = Notes_FS.xcdatamodel; sourceTree = "<group>"; };
		59D770632703077D00BE839C /* Assets.xcassets */ = {isa = PBXFileReference; lastKnownFileType = folder.assetcatalog; path = Assets.xcassets; sourceTree = "<group>"; };
		59D770662703077D00BE839C /* Base */ = {isa = PBXFileReference; lastKnownFileType = file.storyboard; name = Base; path = Base.lproj/LaunchScreen.storyboard; sourceTree = "<group>"; };
		59D770682703077D00BE839C /* Info.plist */ = {isa = PBXFileReference; lastKnownFileType = text.plist.xml; path = Info.plist; sourceTree = "<group>"; };
		59D7706E2703094400BE839C /* NotesViewController.swift */ = {isa = PBXFileReference; lastKnownFileType = sourcecode.swift; path = NotesViewController.swift; sourceTree = "<group>"; };
		59D77070270309AE00BE839C /* EditViewController.swift */ = {isa = PBXFileReference; lastKnownFileType = sourcecode.swift; path = EditViewController.swift; sourceTree = "<group>"; };
/* End PBXFileReference section */

/* Begin PBXFrameworksBuildPhase section */
		59D770512703077700BE839C /* Frameworks */ = {
			isa = PBXFrameworksBuildPhase;
			buildActionMask = 2147483647;
			files = (
			);
			runOnlyForDeploymentPostprocessing = 0;
		};
/* End PBXFrameworksBuildPhase section */

/* Begin PBXGroup section */
		59D7704B2703077700BE839C = {
			isa = PBXGroup;
			children = (
				59D770562703077700BE839C /* Notes_FS */,
				59D770552703077700BE839C /* Products */,
			);
			sourceTree = "<group>";
		};
		59D770552703077700BE839C /* Products */ = {
			isa = PBXGroup;
			children = (
				59D770542703077700BE839C /* Notes_FS.app */,
			);
			name = Products;
			sourceTree = "<group>";
		};
		59D770562703077700BE839C /* Notes_FS */ = {
			isa = PBXGroup;
			children = (
				59D770572703077700BE839C /* AppDelegate.swift */,
				59D770592703077700BE839C /* SceneDelegate.swift */,
				59D7705D2703077700BE839C /* Main.storyboard */,
				59D7706E2703094400BE839C /* NotesViewController.swift */,
				59D77070270309AE00BE839C /* EditViewController.swift */,
				59D770632703077D00BE839C /* Assets.xcassets */,
				59D770652703077D00BE839C /* LaunchScreen.storyboard */,
				59D770682703077D00BE839C /* Info.plist */,
				59D770602703077700BE839C /* Notes_FS.xcdatamodeld */,
			);
			path = Notes_FS;
			sourceTree = "<group>";
		};
/* End PBXGroup section */

/* Begin PBXNativeTarget section */
		59D770532703077700BE839C /* Notes_FS */ = {
			isa = PBXNativeTarget;
			buildConfigurationList = 59D7706B2703077D00BE839C /* Build configuration list for PBXNativeTarget "Notes_FS" */;
			buildPhases = (
				59D770502703077700BE839C /* Sources */,
				59D770512703077700BE839C /* Frameworks */,
				59D770522703077700BE839C /* Resources */,
			);
			buildRules = (
			);
			dependencies = (
			);
			name = Notes_FS;
			productName = Notes_FS;
			productReference = 59D770542703077700BE839C /* Notes_FS.app */;
			productType = "com.apple.product-type.application";
		};
/* End PBXNativeTarget section */

/* Begin PBXProject section */
		59D7704C2703077700BE839C /* Project object */ = {
			isa = PBXProject;
			attributes = {
				LastSwiftUpdateCheck = 1250;
				LastUpgradeCheck = 1250;
				TargetAttributes = {
					59D770532703077700BE839C = {
						CreatedOnToolsVersion = 12.5;
					};
				};
			};
			buildConfigurationList = 59D7704F2703077700BE839C /* Build configuration list for PBXProject "Notes_FS" */;
			compatibilityVersion = "Xcode 9.3";
			developmentRegion = en;
			hasScannedForEncodings = 0;
			knownRegions = (
				en,
				Base,
			);
			mainGroup = 59D7704B2703077700BE839C;
			productRefGroup = 59D770552703077700BE839C /* Products */;
			projectDirPath = "";
			projectRoot = "";
			targets = (
				59D770532703077700BE839C /* Notes_FS */,
			);
		};
/* End PBXProject section */

/* Begin PBXResourcesBuildPhase section */
		59D770522703077700BE839C /* Resources */ = {
			isa = PBXResourcesBuildPhase;
			buildActionMask = 2147483647;
			files = (
				59D770672703077D00BE839C /* LaunchScreen.storyboard in Resources */,
				59D770642703077D00BE839C /* Assets.xcassets in Resources */,
				59D7705F2703077700BE839C /* Main.storyboard in Resources */,
			);
			runOnlyForDeploymentPostprocessing = 0;
		};
/* End PBXResourcesBuildPhase section */

/* Begin PBXSourcesBuildPhase section */
		59D770502703077700BE839C /* Sources */ = {
			isa = PBXSourcesBuildPhase;
			buildActionMask = 2147483647;
			files = (
				59D77071270309AE00BE839C /* EditViewController.swift in Sources */,
				59D7706F2703094400BE839C /* NotesViewController.swift in Sources */,
				59D770582703077700BE839C /* AppDelegate.swift in Sources */,
				59D770622703077700BE839C /* Notes_FS.xcdatamodeld in Sources */,
				59D7705A2703077700BE839C /* SceneDelegate.swift in Sources */,
			);
			runOnlyForDeploymentPostprocessing = 0;
		};
/* End PBXSourcesBuildPhase section */

/* Begin PBXVariantGroup section */
		59D7705D2703077700BE839C /* Main.storyboard */ = {
			isa = PBXVariantGroup;
			children = (
				59D7705E2703077700BE839C /* Base */,
			);
			name = Main.storyboard;
			sourceTree = "<group>";
		};
		59D770652703077D00BE839C /* LaunchScreen.storyboard */ = {
			isa = PBXVariantGroup;
			children = (
				59D770662703077D00BE839C /* Base */,
			);
			name = LaunchScreen.storyboard;
			sourceTree = "<group>";
		};
/* End PBXVariantGroup section */

/* Begin XCBuildConfiguration section */
		59D770692703077D00BE839C /* Debug */ = {
			isa = XCBuildConfiguration;
			buildSettings = {
				ALWAYS_SEARCH_USER_PATHS = NO;
				CLANG_ANALYZER_NONNULL = YES;
				CLANG_ANALYZER_NUMBER_OBJECT_CONVERSION = YES_AGGRESSIVE;
				CLANG_CXX_LANGUAGE_STANDARD = "gnu++14";
				CLANG_CXX_LIBRARY = "libc++";
				CLANG_ENABLE_MODULES = YES;
				CLANG_ENABLE_OBJC_ARC = YES;
				CLANG_ENABLE_OBJC_WEAK = YES;
				CLANG_WARN_BLOCK_CAPTURE_AUTORELEASING = YES;
				CLANG_WARN_BOOL_CONVERSION = YES;
				CLANG_WARN_COMMA = YES;
				CLANG_WARN_CONSTANT_CONVERSION = YES;
				CLANG_WARN_DEPRECATED_OBJC_IMPLEMENTATIONS = YES;
				CLANG_WARN_DIRECT_OBJC_ISA_USAGE = YES_ERROR;
				CLANG_WARN_DOCUMENTATION_COMMENTS = YES;
				CLANG_WARN_EMPTY_BODY = YES;
				CLANG_WARN_ENUM_CONVERSION = YES;
				CLANG_WARN_INFINITE_RECURSION = YES;
				CLANG_WARN_INT_CONVERSION = YES;
				CLANG_WARN_NON_LITERAL_NULL_CONVERSION = YES;
				CLANG_WARN_OBJC_IMPLICIT_RETAIN_SELF = YES;
				CLANG_WARN_OBJC_LITERAL_CONVERSION = YES;
				CLANG_WARN_OBJC_ROOT_CLASS = YES_ERROR;
				CLANG_WARN_QUOTED_INCLUDE_IN_FRAMEWORK_HEADER = YES;
				CLANG_WARN_RANGE_LOOP_ANALYSIS = YES;
				CLANG_WARN_STRICT_PROTOTYPES = YES;
				CLANG_WARN_SUSPICIOUS_MOVE = YES;
				CLANG_WARN_UNGUARDED_AVAILABILITY = YES_AGGRESSIVE;
				CLANG_WARN_UNREACHABLE_CODE = YES;
				CLANG_WARN__DUPLICATE_METHOD_MATCH = YES;
				COPY_PHASE_STRIP = NO;
				DEBUG_INFORMATION_FORMAT = dwarf;
				ENABLE_STRICT_OBJC_MSGSEND = YES;
				ENABLE_TESTABILITY = YES;
				GCC_C_LANGUAGE_STANDARD = gnu11;
				GCC_DYNAMIC_NO_PIC = NO;
				GCC_NO_COMMON_BLOCKS = YES;
				GCC_OPTIMIZATION_LEVEL = 0;
				GCC_PREPROCESSOR_DEFINITIONS = (
					"DEBUG=1",
					"$(inherited)",
				);
				GCC_WARN_64_TO_32_BIT_CONVERSION = YES;
				GCC_WARN_ABOUT_RETURN_TYPE = YES_ERROR;
				GCC_WARN_UNDECLARED_SELECTOR = YES;
				GCC_WARN_UNINITIALIZED_AUTOS = YES_AGGRESSIVE;
				GCC_WARN_UNUSED_FUNCTION = YES;
				GCC_WARN_UNUSED_VARIABLE = YES;
				IPHONEOS_DEPLOYMENT_TARGET = 14.5;
				MTL_ENABLE_DEBUG_INFO = INCLUDE_SOURCE;
				MTL_FAST_MATH = YES;
				ONLY_ACTIVE_ARCH = YES;
				SDKROOT = iphoneos;
				SWIFT_ACTIVE_COMPILATION_CONDITIONS = DEBUG;
				SWIFT_OPTIMIZATION_LEVEL = "-Onone";
			};
			name = Debug;
		};
		59D7706A2703077D00BE839C /* Release */ = {
			isa = XCBuildConfiguration;
			buildSettings = {
				ALWAYS_SEARCH_USER_PATHS = NO;
				CLANG_ANALYZER_NONNULL = YES;
				CLANG_ANALYZER_NUMBER_OBJECT_CONVERSION = YES_AGGRESSIVE;
				CLANG_CXX_LANGUAGE_STANDARD = "gnu++14";
				CLANG_CXX_LIBRARY = "libc++";
				CLANG_ENABLE_MODULES = YES;
				CLANG_ENABLE_OBJC_ARC = YES;
				CLANG_ENABLE_OBJC_WEAK = YES;
				CLANG_WARN_BLOCK_CAPTURE_AUTORELEASING = YES;
				CLANG_WARN_BOOL_CONVERSION = YES;
				CLANG_WARN_COMMA = YES;
				CLANG_WARN_CONSTANT_CONVERSION = YES;
				CLANG_WARN_DEPRECATED_OBJC_IMPLEMENTATIONS = YES;
				CLANG_WARN_DIRECT_OBJC_ISA_USAGE = YES_ERROR;
				CLANG_WARN_DOCUMENTATION_COMMENTS = YES;
				CLANG_WARN_EMPTY_BODY = YES;
				CLANG_WARN_ENUM_CONVERSION = YES;
				CLANG_WARN_INFINITE_RECURSION = YES;
				CLANG_WARN_INT_CONVERSION = YES;
				CLANG_WARN_NON_LITERAL_NULL_CONVERSION = YES;
				CLANG_WARN_OBJC_IMPLICIT_RETAIN_SELF = YES;
				CLANG_WARN_OBJC_LITERAL_CONVERSION = YES;
				CLANG_WARN_OBJC_ROOT_CLASS = YES_ERROR;
				CLANG_WARN_QUOTED_INCLUDE_IN_FRAMEWORK_HEADER = YES;
				CLANG_WARN_RANGE_LOOP_ANALYSIS = YES;
				CLANG_WARN_STRICT_PROTOTYPES = YES;
				CLANG_WARN_SUSPICIOUS_MOVE = YES;
				CLANG_WARN_UNGUARDED_AVAILABILITY = YES_AGGRESSIVE;
				CLANG_WARN_UNREACHABLE_CODE = YES;
				CLANG_WARN__DUPLICATE_METHOD_MATCH = YES;
				COPY_PHASE_STRIP = NO;
				DEBUG_INFORMATION_FORMAT = "dwarf-with-dsym";
				ENABLE_NS_ASSERTIONS = NO;
				ENABLE_STRICT_OBJC_MSGSEND = YES;
				GCC_C_LANGUAGE_STANDARD = gnu11;
				GCC_NO_COMMON_BLOCKS = YES;
				GCC_WARN_64_TO_32_BIT_CONVERSION = YES;
				GCC_WARN_ABOUT_RETURN_TYPE = YES_ERROR;
				GCC_WARN_UNDECLARED_SELECTOR = YES;
				GCC_WARN_UNINITIALIZED_AUTOS = YES_AGGRESSIVE;
				GCC_WARN_UNUSED_FUNCTION = YES;
				GCC_WARN_UNUSED_VARIABLE = YES;
				IPHONEOS_DEPLOYMENT_TARGET = 14.5;
				MTL_ENABLE_DEBUG_INFO = NO;
				MTL_FAST_MATH = YES;
				SDKROOT = iphoneos;
				SWIFT_COMPILATION_MODE = wholemodule;
				SWIFT_OPTIMIZATION_LEVEL = "-O";
				VALIDATE_PRODUCT = YES;
			};
			name = Release;
		};
		59D7706C2703077D00BE839C /* Debug */ = {
			isa = XCBuildConfiguration;
			buildSettings = {
				ASSETCATALOG_COMPILER_APPICON_NAME = AppIcon;
				ASSETCATALOG_COMPILER_GLOBAL_ACCENT_COLOR_NAME = AccentColor;
				CODE_SIGN_STYLE = Automatic;
				DEVELOPMENT_TEAM = 6924K5V5X2;
				INFOPLIST_FILE = Notes_FS/Info.plist;
				LD_RUNPATH_SEARCH_PATHS = (
					"$(inherited)",
					"@executable_path/Frameworks",
				);
				PRODUCT_BUNDLE_IDENTIFIER = "OlesyaEgorova.Notes-FS";
				PRODUCT_NAME = "$(TARGET_NAME)";
				SWIFT_VERSION = 5.0;
				TARGETED_DEVICE_FAMILY = 1;
			};
			name = Debug;
		};
		59D7706D2703077D00BE839C /* Release */ = {
			isa = XCBuildConfiguration;
			buildSettings = {
				ASSETCATALOG_COMPILER_APPICON_NAME = AppIcon;
				ASSETCATALOG_COMPILER_GLOBAL_ACCENT_COLOR_NAME = AccentColor;
				CODE_SIGN_STYLE = Automatic;
				DEVELOPMENT_TEAM = 6924K5V5X2;
				INFOPLIST_FILE = Notes_FS/Info.plist;
				LD_RUNPATH_SEARCH_PATHS = (
					"$(inherited)",
					"@executable_path/Frameworks",
				);
				PRODUCT_BUNDLE_IDENTIFIER = "OlesyaEgorova.Notes-FS";
				PRODUCT_NAME = "$(TARGET_NAME)";
				SWIFT_VERSION = 5.0;
				TARGETED_DEVICE_FAMILY = 1;
			};
			name = Release;
		};
/* End XCBuildConfiguration section */

/* Begin XCConfigurationList section */
		59D7704F2703077700BE839C /* Build configuration list for PBXProject "Notes_FS" */ = {
			isa = XCConfigurationList;
			buildConfigurations = (
				59D770692703077D00BE839C /* Debug */,
				59D7706A2703077D00BE839C /* Release */,
			);
			defaultConfigurationIsVisible = 0;
			defaultConfigurationName = Release;
		};
		59D7706B2703077D00BE839C /* Build configuration list for PBXNativeTarget "Notes_FS" */ = {
			isa = XCConfigurationList;
			buildConfigurations = (
				59D7706C2703077D00BE839C /* Debug */,
				59D7706D2703077D00BE839C /* Release */,
			);
			defaultConfigurationIsVisible = 0;
			defaultConfigurationName = Release;
		};
/* End XCConfigurationList section */

/* Begin XCVersionGroup section */
		59D770602703077700BE839C /* Notes_FS.xcdatamodeld */ = {
			isa = XCVersionGroup;
			children = (
				59D770612703077700BE839C /* Notes_FS.xcdatamodel */,
			);
			currentVersion = 59D770612703077700BE839C /* Notes_FS.xcdatamodel */;
			path = Notes_FS.xcdatamodeld;
			sourceTree = "<group>";
			versionGroupType = wrapper.xcdatamodel;
		};
/* End XCVersionGroup section */
	};
	rootObject = 59D7704C2703077700BE839C /* Project object */;
}
